
Microsoft Visual Studio Solution File, Format Version 11.00
# Visual Studio 2010
Project("{FAE04EC0-301F-11D3-BF4B-00C04F79EFBC}") = "SimianDomainsAndroid", "SimianDomainsAndroid\SimianDomainsAndroid.csproj", "{2796656E-3B45-4F43-9FFB-35489FF8DA6C}"
EndProject
Project("{FAE04EC0-301F-11D3-BF4B-00C04F79EFBC}") = "SimianDomains.Core", "SimianDomains.Core\SimianDomains.Core.csproj", "{B814E665-6E19-4080-829D-9F3AB8499106}"
EndProject
Global
	GlobalSection(SolutionConfigurationPlatforms) = preSolution
		Debug|Any CPU = Debug|Any CPU
		Release|Any CPU = Release|Any CPU
	EndGlobalSection
	GlobalSection(ProjectConfigurationPlatforms) = postSolution
		{2796656E-3B45-4F43-9FFB-35489FF8DA6C}.Debug|Any CPU.ActiveCfg = Debug|Any CPU
		{2796656E-3B45-4F43-9FFB-35489FF8DA6C}.Debug|Any CPU.Build.0 = Debug|Any CPU
		{2796656E-3B45-4F43-9FFB-35489FF8DA6C}.Release|Any CPU.ActiveCfg = Release|Any CPU
		{2796656E-3B45-4F43-9FFB-35489FF8DA6C}.Release|Any CPU.Build.0 = Release|Any CPU
		{B814E665-6E19-4080-829D-9F3AB8499106}.Debug|Any CPU.ActiveCfg = Debug|Any CPU
		{B814E665-6E19-4080-829D-9F3AB8499106}.Debug|Any CPU.Build.0 = Debug|Any CPU
		{B814E665-6E19-4080-829D-9F3AB8499106}.Release|Any CPU.ActiveCfg = Release|Any CPU
		{B814E665-6E19-4080-829D-9F3AB8499106}.Release|Any CPU.Build.0 = Release|Any CPU
	EndGlobalSection
	GlobalSection(MonoDevelopProperties) = preSolution
		StartupItem = SimianDomainsAndroid\SimianDomainsAndroid.csproj
	EndGlobalSection
EndGlobal
